PODS:
  - cupertino_http (0.0.1):
    - Flutter
    - FlutterMacOS
  - Flutter (1.0.0)
  - flutter_secure_storage (6.0.0):
    - Flutter
  - haptics (0.0.1):
    - Flutter
  - objective_c (0.0.1):
    - Flutter
  - path_provider_foundation (0.0.1):
    - Flutter
    - FlutterMacOS
  - secure_enclave (0.0.1):
    - Flutter
  - shared_preferences_foundation (0.0.1):
    - Flutter
    - FlutterMacOS
  - sqlite3 (3.50.1):
    - sqlite3/common (= 3.50.1)
  - sqlite3/common (3.50.1)
  - sqlite3/dbstatvtab (3.50.1):
    - sqlite3/common
  - sqlite3/fts5 (3.50.1):
    - sqlite3/common
  - sqlite3/math (3.50.1):
    - sqlite3/common
  - sqlite3/perf-threadsafe (3.50.1):
    - sqlite3/common
  - sqlite3/rtree (3.50.1):
    - sqlite3/common
  - sqlite3_flutter_libs (0.0.1):
    - Flutter
    - FlutterMacOS
    - sqlite3 (~> 3.50.1)
    - sqlite3/dbstatvtab
    - sqlite3/fts5
    - sqlite3/math
    - sqlite3/perf-threadsafe
    - sqlite3/rtree

DEPENDENCIES:
  - cupertino_http (from `.symlinks/plugins/cupertino_http/darwin`)
  - Flutter (from `Flutter`)
  - flutter_secure_storage (from `.symlinks/plugins/flutter_secure_storage/ios`)
  - haptics (from `.symlinks/plugins/haptics/ios`)
  - objective_c (from `.symlinks/plugins/objective_c/ios`)
  - path_provider_foundation (from `.symlinks/plugins/path_provider_foundation/darwin`)
  - secure_enclave (from `.symlinks/plugins/secure_enclave/ios`)
  - shared_preferences_foundation (from `.symlinks/plugins/shared_preferences_foundation/darwin`)
  - sqlite3_flutter_libs (from `.symlinks/plugins/sqlite3_flutter_libs/darwin`)

SPEC REPOS:
  trunk:
    - sqlite3

EXTERNAL SOURCES:
  cupertino_http:
    :path: ".symlinks/plugins/cupertino_http/darwin"
  Flutter:
    :path: Flutter
  flutter_secure_storage:
    :path: ".symlinks/plugins/flutter_secure_storage/ios"
  haptics:
    :path: ".symlinks/plugins/haptics/ios"
  objective_c:
    :path: ".symlinks/plugins/objective_c/ios"
  path_provider_foundation:
    :path: ".symlinks/plugins/path_provider_foundation/darwin"
  secure_enclave:
    :path: ".symlinks/plugins/secure_enclave/ios"
  shared_preferences_foundation:
    :path: ".symlinks/plugins/shared_preferences_foundation/darwin"
  sqlite3_flutter_libs:
    :path: ".symlinks/plugins/sqlite3_flutter_libs/darwin"

SPEC CHECKSUMS:
  cupertino_http: 947a233f40cfea55167a49f2facc18434ea117ba
  Flutter: e0871f40cf51350855a761d2e70bf5af5b9b5de7
  flutter_secure_storage: d33dac7ae2ea08509be337e775f6b59f1ff45f12
  haptics: 11e4f935d0d20b83edb017195558a38039b9f66e
  objective_c: 77e887b5ba1827970907e10e832eec1683f3431d
  path_provider_foundation: 2b6b4c569c0fb62ec74538f866245ac84301af46
  secure_enclave: 19492ea9711dba0d4a57a8f875228ebda5f36174
  shared_preferences_foundation: fcdcbc04712aee1108ac7fda236f363274528f78
  sqlite3: 1d85290c3321153511f6e900ede7a1608718bbd5
  sqlite3_flutter_libs: 2c48c4ee7217fd653251975e43412250d5bcbbe2

PODFILE CHECKSUM: f3734cf2c64ab93db34ebd0461528389a119c1e8

COCOAPODS: 1.15.2
